
Microsoft Visual Studio Solution File, Format Version 12.00
# Visual Studio Version 17
VisualStudioVersion = 17.1.32421.90
MinimumVisualStudioVersion = 10.0.40219.1
Project("{FAE04EC0-301F-11D3-BF4B-00C04F79EFBC}") = "ThiDotNet", "ThiDotNet\ThiDotNet.csproj", "{BE4FD44E-0B83-4E24-8D71-0929C6ACEB17}"
EndProject
Global
	GlobalSection(SolutionConfigurationPlatforms) = preSolution
		Debug|Any CPU = Debug|Any CPU
		Release|Any CPU = Release|Any CPU
	EndGlobalSection
	GlobalSection(ProjectConfigurationPlatforms) = postSolution
		{BE4FD44E-0B83-4E24-8D71-0929C6ACEB17}.Debug|Any CPU.ActiveCfg = Debug|Any CPU
		{BE4FD44E-0B83-4E24-8D71-0929C6ACEB17}.Debug|Any CPU.Build.0 = Debug|Any CPU
		{BE4FD44E-0B83-4E24-8D71-0929C6ACEB17}.Release|Any CPU.ActiveCfg = Release|Any CPU
		{BE4FD44E-0B83-4E24-8D71-0929C6ACEB17}.Release|Any CPU.Build.0 = Release|Any CPU
	EndGlobalSection
	GlobalSection(SolutionProperties) = preSolution
		HideSolutionNode = FALSE
	EndGlobalSection
	GlobalSection(ExtensibilityGlobals) = postSolution
		SolutionGuid = {C9218A67-C785-40B0-930B-7C1D024B3A8C}
	EndGlobalSection
EndGlobal
